
Microsoft Visual Studio Solution File, Format Version 12.00
# Visual Studio Version 17
VisualStudioVersion = 17.8.34408.163
MinimumVisualStudioVersion = 10.0.40219.1
Project("{9A19103F-16F7-4668-BE54-9A1E7A4F7556}") = "PaymentService.Api", "Payment Service\PaymentService.Api.csproj", "{300EDB1D-B213-4742-A919-E40FEFEA6F05}"
	ProjectSection(ProjectDependencies) = postProject
		{31FEDB48-A0C0-41B8-8EEE-D80828AE9E69} = {31FEDB48-A0C0-41B8-8EEE-D80828AE9E69}
		{A8BC735C-5375-435E-953F-02E3A63E4D6A} = {A8BC735C-5375-435E-953F-02E3A63E4D6A}
		{F2830E25-3473-47F4-A076-C18813337F2D} = {F2830E25-3473-47F4-A076-C18813337F2D}
	EndProjectSection
EndProject
Project("{9A19103F-16F7-4668-BE54-9A1E7A4F7556}") = "PaymentService.Domain", "PaymentService.Domain\PaymentService.Domain.csproj", "{F2830E25-3473-47F4-A076-C18813337F2D}"
EndProject
Project("{9A19103F-16F7-4668-BE54-9A1E7A4F7556}") = "PaymentService.Application", "PaymentService.Application\PaymentService.Application.csproj", "{A8BC735C-5375-435E-953F-02E3A63E4D6A}"
	ProjectSection(ProjectDependencies) = postProject
		{F2830E25-3473-47F4-A076-C18813337F2D} = {F2830E25-3473-47F4-A076-C18813337F2D}
	EndProjectSection
EndProject
Project("{9A19103F-16F7-4668-BE54-9A1E7A4F7556}") = "PaymentService.Infrastructure", "PaymentService.Infrastructure\PaymentService.Infrastructure.csproj", "{31FEDB48-A0C0-41B8-8EEE-D80828AE9E69}"
	ProjectSection(ProjectDependencies) = postProject
		{F2830E25-3473-47F4-A076-C18813337F2D} = {F2830E25-3473-47F4-A076-C18813337F2D}
	EndProjectSection
EndProject
Project("{9A19103F-16F7-4668-BE54-9A1E7A4F7556}") = "GatewayService.Api", "GatewayService.Api\GatewayService.Api.csproj", "{F81C3D41-DA36-4633-A8FF-DED875D1E564}"
EndProject
Project("{9A19103F-16F7-4668-BE54-9A1E7A4F7556}") = "GatewayService.Application", "GatewayService.Application\GatewayService.Application.csproj", "{27BC9D51-902D-40E9-9CAD-AAF5362BAEA0}"
EndProject
Project("{FAE04EC0-301F-11D3-BF4B-00C04F79EFBC}") = "NotificationService.Console", "NotificationService.Console\NotificationService.Console.csproj", "{3B88068C-71D7-45A9-AF24-0937E5063E58}"
EndProject
Project("{FAE04EC0-301F-11D3-BF4B-00C04F79EFBC}") = "SHARE", "SHARE\SHARE.csproj", "{3A6CE5C8-3586-4B2E-A958-A04ED06F6CB2}"
EndProject
Global
	GlobalSection(SolutionConfigurationPlatforms) = preSolution
		Debug|Any CPU = Debug|Any CPU
		Release|Any CPU = Release|Any CPU
	EndGlobalSection
	GlobalSection(ProjectConfigurationPlatforms) = postSolution
		{300EDB1D-B213-4742-A919-E40FEFEA6F05}.Debug|Any CPU.ActiveCfg = Debug|Any CPU
		{300EDB1D-B213-4742-A919-E40FEFEA6F05}.Debug|Any CPU.Build.0 = Debug|Any CPU
		{300EDB1D-B213-4742-A919-E40FEFEA6F05}.Release|Any CPU.ActiveCfg = Release|Any CPU
		{300EDB1D-B213-4742-A919-E40FEFEA6F05}.Release|Any CPU.Build.0 = Release|Any CPU
		{F2830E25-3473-47F4-A076-C18813337F2D}.Debug|Any CPU.ActiveCfg = Debug|Any CPU
		{F2830E25-3473-47F4-A076-C18813337F2D}.Debug|Any CPU.Build.0 = Debug|Any CPU
		{F2830E25-3473-47F4-A076-C18813337F2D}.Release|Any CPU.ActiveCfg = Release|Any CPU
		{F2830E25-3473-47F4-A076-C18813337F2D}.Release|Any CPU.Build.0 = Release|Any CPU
		{A8BC735C-5375-435E-953F-02E3A63E4D6A}.Debug|Any CPU.ActiveCfg = Debug|Any CPU
		{A8BC735C-5375-435E-953F-02E3A63E4D6A}.Debug|Any CPU.Build.0 = Debug|Any CPU
		{A8BC735C-5375-435E-953F-02E3A63E4D6A}.Release|Any CPU.ActiveCfg = Release|Any CPU
		{A8BC735C-5375-435E-953F-02E3A63E4D6A}.Release|Any CPU.Build.0 = Release|Any CPU
		{31FEDB48-A0C0-41B8-8EEE-D80828AE9E69}.Debug|Any CPU.ActiveCfg = Debug|Any CPU
		{31FEDB48-A0C0-41B8-8EEE-D80828AE9E69}.Debug|Any CPU.Build.0 = Debug|Any CPU
		{31FEDB48-A0C0-41B8-8EEE-D80828AE9E69}.Release|Any CPU.ActiveCfg = Release|Any CPU
		{31FEDB48-A0C0-41B8-8EEE-D80828AE9E69}.Release|Any CPU.Build.0 = Release|Any CPU
		{F81C3D41-DA36-4633-A8FF-DED875D1E564}.Debug|Any CPU.ActiveCfg = Debug|Any CPU
		{F81C3D41-DA36-4633-A8FF-DED875D1E564}.Debug|Any CPU.Build.0 = Debug|Any CPU
		{F81C3D41-DA36-4633-A8FF-DED875D1E564}.Release|Any CPU.ActiveCfg = Release|Any CPU
		{F81C3D41-DA36-4633-A8FF-DED875D1E564}.Release|Any CPU.Build.0 = Release|Any CPU
		{27BC9D51-902D-40E9-9CAD-AAF5362BAEA0}.Debug|Any CPU.ActiveCfg = Debug|Any CPU
		{27BC9D51-902D-40E9-9CAD-AAF5362BAEA0}.Debug|Any CPU.Build.0 = Debug|Any CPU
		{27BC9D51-902D-40E9-9CAD-AAF5362BAEA0}.Release|Any CPU.ActiveCfg = Release|Any CPU
		{27BC9D51-902D-40E9-9CAD-AAF5362BAEA0}.Release|Any CPU.Build.0 = Release|Any CPU
		{3B88068C-71D7-45A9-AF24-0937E5063E58}.Debug|Any CPU.ActiveCfg = Debug|Any CPU
		{3B88068C-71D7-45A9-AF24-0937E5063E58}.Debug|Any CPU.Build.0 = Debug|Any CPU
		{3B88068C-71D7-45A9-AF24-0937E5063E58}.Release|Any CPU.ActiveCfg = Release|Any CPU
		{3B88068C-71D7-45A9-AF24-0937E5063E58}.Release|Any CPU.Build.0 = Release|Any CPU
		{3A6CE5C8-3586-4B2E-A958-A04ED06F6CB2}.Debug|Any CPU.ActiveCfg = Debug|Any CPU
		{3A6CE5C8-3586-4B2E-A958-A04ED06F6CB2}.Debug|Any CPU.Build.0 = Debug|Any CPU
		{3A6CE5C8-3586-4B2E-A958-A04ED06F6CB2}.Release|Any CPU.ActiveCfg = Release|Any CPU
		{3A6CE5C8-3586-4B2E-A958-A04ED06F6CB2}.Release|Any CPU.Build.0 = Release|Any CPU
	EndGlobalSection
	GlobalSection(SolutionProperties) = preSolution
		HideSolutionNode = FALSE
	EndGlobalSection
	GlobalSection(ExtensibilityGlobals) = postSolution
		SolutionGuid = {8B35575C-825B-46E6-A6B1-0C276A096A2D}
	EndGlobalSection
EndGlobal
